// !$*UTF8*$!
{
	archiveVersion = 1;
	classes = {
	};
	objectVersion = 50;
	objects = {

/* Begin PBXBuildFile section */
		9F344A3A25BD8E3800A4A298 /* SpotifySearchEngine.framework in Frameworks */ = {isa = PBXBuildFile; fileRef = 9F344A3025BD8E3800A4A298 /* SpotifySearchEngine.framework */; };
		9F344A3F25BD8E3800A4A298 /* SpotifySearchEngineTests.swift in Sources */ = {isa = PBXBuildFile; fileRef = 9F344A3E25BD8E3800A4A298 /* SpotifySearchEngineTests.swift */; };
		9F344A4125BD8E3800A4A298 /* SpotifySearchEngine.h in Headers */ = {isa = PBXBuildFile; fileRef = 9F344A3325BD8E3800A4A298 /* SpotifySearchEngine.h */; settings = {ATTRIBUTES = (Public, ); }; };
		9F344A4E25BD8EAB00A4A298 /* SpotifyAPI.framework in Frameworks */ = {isa = PBXBuildFile; fileRef = 9F344A4D25BD8EAB00A4A298 /* SpotifyAPI.framework */; };
		9F344A4F25BD8EAB00A4A298 /* SpotifyAPI.framework in Embed Frameworks */ = {isa = PBXBuildFile; fileRef = 9F344A4D25BD8EAB00A4A298 /* SpotifyAPI.framework */; settings = {ATTRIBUTES = (CodeSignOnCopy, RemoveHeadersOnCopy, ); }; };
		9F344A5225BD8EB000A4A298 /* SpotifyDomain.framework in Frameworks */ = {isa = PBXBuildFile; fileRef = 9F344A5125BD8EB000A4A298 /* SpotifyDomain.framework */; };
		9F344A5325BD8EB000A4A298 /* SpotifyDomain.framework in Embed Frameworks */ = {isa = PBXBuildFile; fileRef = 9F344A5125BD8EB000A4A298 /* SpotifyDomain.framework */; settings = {ATTRIBUTES = (CodeSignOnCopy, RemoveHeadersOnCopy, ); }; };
		9F344A5525BD8EC300A4A298 /* SpotifySearchEngine.swift in Sources */ = {isa = PBXBuildFile; fileRef = 9F344A5425BD8EC300A4A298 /* SpotifySearchEngine.swift */; };
/* End PBXBuildFile section */

/* Begin PBXContainerItemProxy section */
		9F344A3B25BD8E3800A4A298 /* PBXContainerItemProxy */ = {
			isa = PBXContainerItemProxy;
			containerPortal = 9F344A2725BD8E3800A4A298 /* Project object */;
			proxyType = 1;
			remoteGlobalIDString = 9F344A2F25BD8E3800A4A298;
			remoteInfo = SpotifySearchEngine;
		};
/* End PBXContainerItemProxy section */

/* Begin PBXCopyFilesBuildPhase section */
		9F344A5025BD8EAB00A4A298 /* Embed Frameworks */ = {
			isa = PBXCopyFilesBuildPhase;
			buildActionMask = 2147483647;
			dstPath = "";
			dstSubfolderSpec = 10;
			files = (
				9F344A4F25BD8EAB00A4A298 /* SpotifyAPI.framework in Embed Frameworks */,
				9F344A5325BD8EB000A4A298 /* SpotifyDomain.framework in Embed Frameworks */,
			);
			name = "Embed Frameworks";
			runOnlyForDeploymentPostprocessing = 0;
		};
/* End PBXCopyFilesBuildPhase section */

/* Begin PBXFileReference section */
		9F344A3025BD8E3800A4A298 /* SpotifySearchEngine.framework */ = {isa = PBXFileReference; explicitFileType = wrapper.framework; includeInIndex = 0; path = SpotifySearchEngine.framework; sourceTree = BUILT_PRODUCTS_DIR; };
		9F344A3325BD8E3800A4A298 /* SpotifySearchEngine.h */ = {isa = PBXFileReference; lastKnownFileType = sourcecode.c.h; path = SpotifySearchEngine.h; sourceTree = "<group>"; };
		9F344A3425BD8E3800A4A298 /* Info.plist */ = {isa = PBXFileReference; lastKnownFileType = text.plist.xml; path = Info.plist; sourceTree = "<group>"; };
		9F344A3925BD8E3800A4A298 /* SpotifySearchEngineTests.xctest */ = {isa = PBXFileReference; explicitFileType = wrapper.cfbundle; includeInIndex = 0; path = SpotifySearchEngineTests.xctest; sourceTree = BUILT_PRODUCTS_DIR; };
		9F344A3E25BD8E3800A4A298 /* SpotifySearchEngineTests.swift */ = {isa = PBXFileReference; lastKnownFileType = sourcecode.swift; path = SpotifySearchEngineTests.swift; sourceTree = "<group>"; };
		9F344A4025BD8E3800A4A298 /* Info.plist */ = {isa = PBXFileReference; lastKnownFileType = text.plist.xml; path = Info.plist; sourceTree = "<group>"; };
		9F344A4D25BD8EAB00A4A298 /* SpotifyAPI.framework */ = {isa = PBXFileReference; explicitFileType = wrapper.framework; path = SpotifyAPI.framework; sourceTree = BUILT_PRODUCTS_DIR; };
		9F344A5125BD8EB000A4A298 /* SpotifyDomain.framework */ = {isa = PBXFileReference; explicitFileType = wrapper.framework; path = SpotifyDomain.framework; sourceTree = BUILT_PRODUCTS_DIR; };
		9F344A5425BD8EC300A4A298 /* SpotifySearchEngine.swift */ = {isa = PBXFileReference; lastKnownFileType = sourcecode.swift; path = SpotifySearchEngine.swift; sourceTree = "<group>"; };
/* End PBXFileReference section */

/* Begin PBXFrameworksBuildPhase section */
		9F344A2D25BD8E3800A4A298 /* Frameworks */ = {
			isa = PBXFrameworksBuildPhase;
			buildActionMask = 2147483647;
			files = (
				9F344A4E25BD8EAB00A4A298 /* SpotifyAPI.framework in Frameworks */,
				9F344A5225BD8EB000A4A298 /* SpotifyDomain.framework in Frameworks */,
			);
			runOnlyForDeploymentPostprocessing = 0;
		};
		9F344A3625BD8E3800A4A298 /* Frameworks */ = {
			isa = PBXFrameworksBuildPhase;
			buildActionMask = 2147483647;
			files = (
				9F344A3A25BD8E3800A4A298 /* SpotifySearchEngine.framework in Frameworks */,
			);
			runOnlyForDeploymentPostprocessing = 0;
		};
/* End PBXFrameworksBuildPhase section */

/* Begin PBXGroup section */
		9F344A2625BD8E3800A4A298 = {
			isa = PBXGroup;
			children = (
				9F344A3225BD8E3800A4A298 /* SpotifySearchEngine */,
				9F344A3D25BD8E3800A4A298 /* SpotifySearchEngineTests */,
				9F344A3125BD8E3800A4A298 /* Products */,
				9F344A4C25BD8EAB00A4A298 /* Frameworks */,
			);
			sourceTree = "<group>";
		};
		9F344A3125BD8E3800A4A298 /* Products */ = {
			isa = PBXGroup;
			children = (
				9F344A3025BD8E3800A4A298 /* SpotifySearchEngine.framework */,
				9F344A3925BD8E3800A4A298 /* SpotifySearchEngineTests.xctest */,
			);
			name = Products;
			sourceTree = "<group>";
		};
		9F344A3225BD8E3800A4A298 /* SpotifySearchEngine */ = {
			isa = PBXGroup;
			children = (
				9F344A3325BD8E3800A4A298 /* SpotifySearchEngine.h */,
				9F344ACE25BE0BEB00A4A298 /* Engine */,
				9F344A3425BD8E3800A4A298 /* Info.plist */,
			);
			path = SpotifySearchEngine;
			sourceTree = "<group>";
		};
		9F344A3D25BD8E3800A4A298 /* SpotifySearchEngineTests */ = {
			isa = PBXGroup;
			children = (
				9F344A3E25BD8E3800A4A298 /* SpotifySearchEngineTests.swift */,
				9F344A4025BD8E3800A4A298 /* Info.plist */,
			);
			path = SpotifySearchEngineTests;
			sourceTree = "<group>";
		};
		9F344A4C25BD8EAB00A4A298 /* Frameworks */ = {
			isa = PBXGroup;
			children = (
				9F344A5125BD8EB000A4A298 /* SpotifyDomain.framework */,
				9F344A4D25BD8EAB00A4A298 /* SpotifyAPI.framework */,
			);
			name = Frameworks;
			sourceTree = "<group>";
		};
		9F344ACE25BE0BEB00A4A298 /* Engine */ = {
			isa = PBXGroup;
			children = (
				9F344A5425BD8EC300A4A298 /* SpotifySearchEngine.swift */,
			);
			path = Engine;
			sourceTree = "<group>";
		};
/* End PBXGroup section */

/* Begin PBXHeadersBuildPhase section */
		9F344A2B25BD8E3800A4A298 /* Headers */ = {
			isa = PBXHeadersBuildPhase;
			buildActionMask = 2147483647;
			files = (
				9F344A4125BD8E3800A4A298 /* SpotifySearchEngine.h in Headers */,
			);
			runOnlyForDeploymentPostprocessing = 0;
		};
/* End PBXHeadersBuildPhase section */

/* Begin PBXNativeTarget section */
		9F344A2F25BD8E3800A4A298 /* SpotifySearchEngine */ = {
			isa = PBXNativeTarget;
			buildConfigurationList = 9F344A4425BD8E3800A4A298 /* Build configuration list for PBXNativeTarget "SpotifySearchEngine" */;
			buildPhases = (
				9F344A2B25BD8E3800A4A298 /* Headers */,
				9F344A2C25BD8E3800A4A298 /* Sources */,
				9F344A2D25BD8E3800A4A298 /* Frameworks */,
				9F344A2E25BD8E3800A4A298 /* Resources */,
				9F344A5025BD8EAB00A4A298 /* Embed Frameworks */,
			);
			buildRules = (
			);
			dependencies = (
			);
			name = SpotifySearchEngine;
			productName = SpotifySearchEngine;
			productReference = 9F344A3025BD8E3800A4A298 /* SpotifySearchEngine.framework */;
			productType = "com.apple.product-type.framework";
		};
		9F344A3825BD8E3800A4A298 /* SpotifySearchEngineTests */ = {
			isa = PBXNativeTarget;
			buildConfigurationList = 9F344A4725BD8E3800A4A298 /* Build configuration list for PBXNativeTarget "SpotifySearchEngineTests" */;
			buildPhases = (
				9F344A3525BD8E3800A4A298 /* Sources */,
				9F344A3625BD8E3800A4A298 /* Frameworks */,
				9F344A3725BD8E3800A4A298 /* Resources */,
			);
			buildRules = (
			);
			dependencies = (
				9F344A3C25BD8E3800A4A298 /* PBXTargetDependency */,
			);
			name = SpotifySearchEngineTests;
			productName = SpotifySearchEngineTests;
			productReference = 9F344A3925BD8E3800A4A298 /* SpotifySearchEngineTests.xctest */;
			productType = "com.apple.product-type.bundle.unit-test";
		};
/* End PBXNativeTarget section */

/* Begin PBXProject section */
		9F344A2725BD8E3800A4A298 /* Project object */ = {
			isa = PBXProject;
			attributes = {
				LastSwiftUpdateCheck = 1230;
				LastUpgradeCheck = 1230;
				TargetAttributes = {
					9F344A2F25BD8E3800A4A298 = {
						CreatedOnToolsVersion = 12.3;
						LastSwiftMigration = 1230;
					};
					9F344A3825BD8E3800A4A298 = {
						CreatedOnToolsVersion = 12.3;
					};
				};
			};
			buildConfigurationList = 9F344A2A25BD8E3800A4A298 /* Build configuration list for PBXProject "SpotifySearchEngine" */;
			compatibilityVersion = "Xcode 9.3";
			developmentRegion = en;
			hasScannedForEncodings = 0;
			knownRegions = (
				en,
				Base,
			);
			mainGroup = 9F344A2625BD8E3800A4A298;
			productRefGroup = 9F344A3125BD8E3800A4A298 /* Products */;
			projectDirPath = "";
			projectRoot = "";
			targets = (
				9F344A2F25BD8E3800A4A298 /* SpotifySearchEngine */,
				9F344A3825BD8E3800A4A298 /* SpotifySearchEngineTests */,
			);
		};
/* End PBXProject section */

/* Begin PBXResourcesBuildPhase section */
		9F344A2E25BD8E3800A4A298 /* Resources */ = {
			isa = PBXResourcesBuildPhase;
			buildActionMask = 2147483647;
			files = (
			);
			runOnlyForDeploymentPostprocessing = 0;
		};
		9F344A3725BD8E3800A4A298 /* Resources */ = {
			isa = PBXResourcesBuildPhase;
			buildActionMask = 2147483647;
			files = (
			);
			runOnlyForDeploymentPostprocessing = 0;
		};
/* End PBXResourcesBuildPhase section */

/* Begin PBXSourcesBuildPhase section */
		9F344A2C25BD8E3800A4A298 /* Sources */ = {
			isa = PBXSourcesBuildPhase;
			buildActionMask = 2147483647;
			files = (
				9F344A5525BD8EC300A4A298 /* SpotifySearchEngine.swift in Sources */,
			);
			runOnlyForDeploymentPostprocessing = 0;
		};
		9F344A3525BD8E3800A4A298 /* Sources */ = {
			isa = PBXSourcesBuildPhase;
			buildActionMask = 2147483647;
			files = (
				9F344A3F25BD8E3800A4A298 /* SpotifySearchEngineTests.swift in Sources */,
			);
			runOnlyForDeploymentPostprocessing = 0;
		};
/* End PBXSourcesBuildPhase section */

/* Begin PBXTargetDependency section */
		9F344A3C25BD8E3800A4A298 /* PBXTargetDependency */ = {
			isa = PBXTargetDependency;
			target = 9F344A2F25BD8E3800A4A298 /* SpotifySearchEngine */;
			targetProxy = 9F344A3B25BD8E3800A4A298 /* PBXContainerItemProxy */;
		};
/* End PBXTargetDependency section */

/* Begin XCBuildConfiguration section */
		9F344A4225BD8E3800A4A298 /* Debug */ = {
			isa = XCBuildConfiguration;
			buildSettings = {
				ALWAYS_SEARCH_USER_PATHS = NO;
				CLANG_ANALYZER_NONNULL = YES;
				CLANG_ANALYZER_NUMBER_OBJECT_CONVERSION = YES_AGGRESSIVE;
				CLANG_CXX_LANGUAGE_STANDARD = "gnu++14";
				CLANG_CXX_LIBRARY = "libc++";
				CLANG_ENABLE_MODULES = YES;
				CLANG_ENABLE_OBJC_ARC = YES;
				CLANG_ENABLE_OBJC_WEAK = YES;
				CLANG_WARN_BLOCK_CAPTURE_AUTORELEASING = YES;
				CLANG_WARN_BOOL_CONVERSION = YES;
				CLANG_WARN_COMMA = YES;
				CLANG_WARN_CONSTANT_CONVERSION = YES;
				CLANG_WARN_DEPRECATED_OBJC_IMPLEMENTATIONS = YES;
				CLANG_WARN_DIRECT_OBJC_ISA_USAGE = YES_ERROR;
				CLANG_WARN_DOCUMENTATION_COMMENTS = YES;
				CLANG_WARN_EMPTY_BODY = YES;
				CLANG_WARN_ENUM_CONVERSION = YES;
				CLANG_WARN_INFINITE_RECURSION = YES;
				CLANG_WARN_INT_CONVERSION = YES;
				CLANG_WARN_NON_LITERAL_NULL_CONVERSION = YES;
				CLANG_WARN_OBJC_IMPLICIT_RETAIN_SELF = YES;
				CLANG_WARN_OBJC_LITERAL_CONVERSION = YES;
				CLANG_WARN_OBJC_ROOT_CLASS = YES_ERROR;
				CLANG_WARN_QUOTED_INCLUDE_IN_FRAMEWORK_HEADER = YES;
				CLANG_WARN_RANGE_LOOP_ANALYSIS = YES;
				CLANG_WARN_STRICT_PROTOTYPES = YES;
				CLANG_WARN_SUSPICIOUS_MOVE = YES;
				CLANG_WARN_UNGUARDED_AVAILABILITY = YES_AGGRESSIVE;
				CLANG_WARN_UNREACHABLE_CODE = YES;
				CLANG_WARN__DUPLICATE_METHOD_MATCH = YES;
				COPY_PHASE_STRIP = NO;
				CURRENT_PROJECT_VERSION = 1;
				DEBUG_INFORMATION_FORMAT = dwarf;
				ENABLE_STRICT_OBJC_MSGSEND = YES;
				ENABLE_TESTABILITY = YES;
				GCC_C_LANGUAGE_STANDARD = gnu11;
				GCC_DYNAMIC_NO_PIC = NO;
				GCC_NO_COMMON_BLOCKS = YES;
				GCC_OPTIMIZATION_LEVEL = 0;
				GCC_PREPROCESSOR_DEFINITIONS = (
					"DEBUG=1",
					"$(inherited)",
				);
				GCC_WARN_64_TO_32_BIT_CONVERSION = YES;
				GCC_WARN_ABOUT_RETURN_TYPE = YES_ERROR;
				GCC_WARN_UNDECLARED_SELECTOR = YES;
				GCC_WARN_UNINITIALIZED_AUTOS = YES_AGGRESSIVE;
				GCC_WARN_UNUSED_FUNCTION = YES;
				GCC_WARN_UNUSED_VARIABLE = YES;
				MACOSX_DEPLOYMENT_TARGET = 11.1;
				MTL_ENABLE_DEBUG_INFO = INCLUDE_SOURCE;
				MTL_FAST_MATH = YES;
				ONLY_ACTIVE_ARCH = YES;
				SDKROOT = macosx;
				SWIFT_ACTIVE_COMPILATION_CONDITIONS = DEBUG;
				SWIFT_OPTIMIZATION_LEVEL = "-Onone";
				VERSIONING_SYSTEM = "apple-generic";
				VERSION_INFO_PREFIX = "";
			};
			name = Debug;
		};
		9F344A4325BD8E3800A4A298 /* Release */ = {
			isa = XCBuildConfiguration;
			buildSettings = {
				ALWAYS_SEARCH_USER_PATHS = NO;
				CLANG_ANALYZER_NONNULL = YES;
				CLANG_ANALYZER_NUMBER_OBJECT_CONVERSION = YES_AGGRESSIVE;
				CLANG_CXX_LANGUAGE_STANDARD = "gnu++14";
				CLANG_CXX_LIBRARY = "libc++";
				CLANG_ENABLE_MODULES = YES;
				CLANG_ENABLE_OBJC_ARC = YES;
				CLANG_ENABLE_OBJC_WEAK = YES;
				CLANG_WARN_BLOCK_CAPTURE_AUTORELEASING = YES;
				CLANG_WARN_BOOL_CONVERSION = YES;
				CLANG_WARN_COMMA = YES;
				CLANG_WARN_CONSTANT_CONVERSION = YES;
				CLANG_WARN_DEPRECATED_OBJC_IMPLEMENTATIONS = YES;
				CLANG_WARN_DIRECT_OBJC_ISA_USAGE = YES_ERROR;
				CLANG_WARN_DOCUMENTATION_COMMENTS = YES;
				CLANG_WARN_EMPTY_BODY = YES;
				CLANG_WARN_ENUM_CONVERSION = YES;
				CLANG_WARN_INFINITE_RECURSION = YES;
				CLANG_WARN_INT_CONVERSION = YES;
				CLANG_WARN_NON_LITERAL_NULL_CONVERSION = YES;
				CLANG_WARN_OBJC_IMPLICIT_RETAIN_SELF = YES;
				CLANG_WARN_OBJC_LITERAL_CONVERSION = YES;
				CLANG_WARN_OBJC_ROOT_CLASS = YES_ERROR;
				CLANG_WARN_QUOTED_INCLUDE_IN_FRAMEWORK_HEADER = YES;
				CLANG_WARN_RANGE_LOOP_ANALYSIS = YES;
				CLANG_WARN_STRICT_PROTOTYPES = YES;
				CLANG_WARN_SUSPICIOUS_MOVE = YES;
				CLANG_WARN_UNGUARDED_AVAILABILITY = YES_AGGRESSIVE;
				CLANG_WARN_UNREACHABLE_CODE = YES;
				CLANG_WARN__DUPLICATE_METHOD_MATCH = YES;
				COPY_PHASE_STRIP = NO;
				CURRENT_PROJECT_VERSION = 1;
				DEBUG_INFORMATION_FORMAT = "dwarf-with-dsym";
				ENABLE_NS_ASSERTIONS = NO;
				ENABLE_STRICT_OBJC_MSGSEND = YES;
				GCC_C_LANGUAGE_STANDARD = gnu11;
				GCC_NO_COMMON_BLOCKS = YES;
				GCC_WARN_64_TO_32_BIT_CONVERSION = YES;
				GCC_WARN_ABOUT_RETURN_TYPE = YES_ERROR;
				GCC_WARN_UNDECLARED_SELECTOR = YES;
				GCC_WARN_UNINITIALIZED_AUTOS = YES_AGGRESSIVE;
				GCC_WARN_UNUSED_FUNCTION = YES;
				GCC_WARN_UNUSED_VARIABLE = YES;
				MACOSX_DEPLOYMENT_TARGET = 11.1;
				MTL_ENABLE_DEBUG_INFO = NO;
				MTL_FAST_MATH = YES;
				SDKROOT = macosx;
				SWIFT_COMPILATION_MODE = wholemodule;
				SWIFT_OPTIMIZATION_LEVEL = "-O";
				VERSIONING_SYSTEM = "apple-generic";
				VERSION_INFO_PREFIX = "";
			};
			name = Release;
		};
		9F344A4525BD8E3800A4A298 /* Debug */ = {
			isa = XCBuildConfiguration;
			buildSettings = {
				CLANG_ENABLE_MODULES = YES;
				CODE_SIGN_STYLE = Automatic;
				COMBINE_HIDPI_IMAGES = YES;
				DEFINES_MODULE = YES;
				DEVELOPMENT_TEAM = 36V5S393N9;
				DYLIB_COMPATIBILITY_VERSION = 1;
				DYLIB_CURRENT_VERSION = 1;
				DYLIB_INSTALL_NAME_BASE = "@rpath";
				INFOPLIST_FILE = SpotifySearchEngine/Info.plist;
				INSTALL_PATH = "$(LOCAL_LIBRARY_DIR)/Frameworks";
				LD_RUNPATH_SEARCH_PATHS = (
					"$(inherited)",
					"@executable_path/../Frameworks",
					"@loader_path/Frameworks",
				);
				PRODUCT_BUNDLE_IDENTIFIER = com.ivanornes.SpotifySearchEngine;
				PRODUCT_NAME = "$(TARGET_NAME:c99extidentifier)";
				SKIP_INSTALL = YES;
				SUPPORTED_PLATFORMS = "macosx iphonesimulator iphoneos";
				SWIFT_OPTIMIZATION_LEVEL = "-Onone";
				SWIFT_VERSION = 5.0;
			};
			name = Debug;
		};
		9F344A4625BD8E3800A4A298 /* Release */ = {
			isa = XCBuildConfiguration;
			buildSettings = {
				CLANG_ENABLE_MODULES = YES;
				CODE_SIGN_STYLE = Automatic;
				COMBINE_HIDPI_IMAGES = YES;
				DEFINES_MODULE = YES;
				DEVELOPMENT_TEAM = 36V5S393N9;
				DYLIB_COMPATIBILITY_VERSION = 1;
				DYLIB_CURRENT_VERSION = 1;
				DYLIB_INSTALL_NAME_BASE = "@rpath";
				INFOPLIST_FILE = SpotifySearchEngine/Info.plist;
				INSTALL_PATH = "$(LOCAL_LIBRARY_DIR)/Frameworks";
				LD_RUNPATH_SEARCH_PATHS = (
					"$(inherited)",
					"@executable_path/../Frameworks",
					"@loader_path/Frameworks",
				);
				PRODUCT_BUNDLE_IDENTIFIER = com.ivanornes.SpotifySearchEngine;
				PRODUCT_NAME = "$(TARGET_NAME:c99extidentifier)";
				SKIP_INSTALL = YES;
				SUPPORTED_PLATFORMS = "macosx iphonesimulator iphoneos";
				SWIFT_VERSION = 5.0;
			};
			name = Release;
		};
		9F344A4825BD8E3800A4A298 /* Debug */ = {
			isa = XCBuildConfiguration;
			buildSettings = {
				ALWAYS_EMBED_SWIFT_STANDARD_LIBRARIES = YES;
				CODE_SIGN_STYLE = Automatic;
				COMBINE_HIDPI_IMAGES = YES;
				DEVELOPMENT_TEAM = 36V5S393N9;
				INFOPLIST_FILE = SpotifySearchEngineTests/Info.plist;
				LD_RUNPATH_SEARCH_PATHS = (
					"$(inherited)",
					"@executable_path/../Frameworks",
					"@loader_path/../Frameworks",
				);
				PRODUCT_BUNDLE_IDENTIFIER = com.ivanornes.SpotifySearchEngineTests;
				PRODUCT_NAME = "$(TARGET_NAME)";
				SWIFT_VERSION = 5.0;
			};
			name = Debug;
		};
		9F344A4925BD8E3800A4A298 /* Release */ = {
			isa = XCBuildConfiguration;
			buildSettings = {
				ALWAYS_EMBED_SWIFT_STANDARD_LIBRARIES = YES;
				CODE_SIGN_STYLE = Automatic;
				COMBINE_HIDPI_IMAGES = YES;
				DEVELOPMENT_TEAM = 36V5S393N9;
				INFOPLIST_FILE = SpotifySearchEngineTests/Info.plist;
				LD_RUNPATH_SEARCH_PATHS = (
					"$(inherited)",
					"@executable_path/../Frameworks",
					"@loader_path/../Frameworks",
				);
				PRODUCT_BUNDLE_IDENTIFIER = com.ivanornes.SpotifySearchEngineTests;
				PRODUCT_NAME = "$(TARGET_NAME)";
				SWIFT_VERSION = 5.0;
			};
			name = Release;
		};
/* End XCBuildConfiguration section */

/* Begin XCConfigurationList section */
		9F344A2A25BD8E3800A4A298 /* Build configuration list for PBXProject "SpotifySearchEngine" */ = {
			isa = XCConfigurationList;
			buildConfigurations = (
				9F344A4225BD8E3800A4A298 /* Debug */,
				9F344A4325BD8E3800A4A298 /* Release */,
			);
			defaultConfigurationIsVisible = 0;
			defaultConfigurationName = Release;
		};
		9F344A4425BD8E3800A4A298 /* Build configuration list for PBXNativeTarget "SpotifySearchEngine" */ = {
			isa = XCConfigurationList;
			buildConfigurations = (
				9F344A4525BD8E3800A4A298 /* Debug */,
				9F344A4625BD8E3800A4A298 /* Release */,
			);
			defaultConfigurationIsVisible = 0;
			defaultConfigurationName = Release;
		};
		9F344A4725BD8E3800A4A298 /* Build configuration list for PBXNativeTarget "SpotifySearchEngineTests" */ = {
			isa = XCConfigurationList;
			buildConfigurations = (
				9F344A4825BD8E3800A4A298 /* Debug */,
				9F344A4925BD8E3800A4A298 /* Release */,
			);
			defaultConfigurationIsVisible = 0;
			defaultConfigurationName = Release;
		};
/* End XCConfigurationList section */
	};
	rootObject = 9F344A2725BD8E3800A4A298 /* Project object */;
}
